
Microsoft Visual Studio Solution File, Format Version 12.00
# Visual Studio 15
VisualStudioVersion = 15.0.27703.2042
MinimumVisualStudioVersion = 10.0.40219.1
Project("{FAE04EC0-301F-11D3-BF4B-00C04F79EFBC}") = "SortingUI", "Sorting\SortingUI.csproj", "{3F265CB4-0E91-46CD-90A5-106D2FA47776}"
EndProject
Project("{FAE04EC0-301F-11D3-BF4B-00C04F79EFBC}") = "SortingLibrary", "SortingLibrary\SortingLibrary.csproj", "{766F4B75-8241-4699-8DC9-4C48EEFABC81}"
EndProject
Global
	GlobalSection(SolutionConfigurationPlatforms) = preSolution
		Debug|Any CPU = Debug|Any CPU
		Release|Any CPU = Release|Any CPU
	EndGlobalSection
	GlobalSection(ProjectConfigurationPlatforms) = postSolution
		{3F265CB4-0E91-46CD-90A5-106D2FA47776}.Debug|Any CPU.ActiveCfg = Debug|Any CPU
		{3F265CB4-0E91-46CD-90A5-106D2FA47776}.Debug|Any CPU.Build.0 = Debug|Any CPU
		{3F265CB4-0E91-46CD-90A5-106D2FA47776}.Release|Any CPU.ActiveCfg = Release|Any CPU
		{3F265CB4-0E91-46CD-90A5-106D2FA47776}.Release|Any CPU.Build.0 = Release|Any CPU
		{766F4B75-8241-4699-8DC9-4C48EEFABC81}.Debug|Any CPU.ActiveCfg = Debug|Any CPU
		{766F4B75-8241-4699-8DC9-4C48EEFABC81}.Debug|Any CPU.Build.0 = Debug|Any CPU
		{766F4B75-8241-4699-8DC9-4C48EEFABC81}.Release|Any CPU.ActiveCfg = Release|Any CPU
		{766F4B75-8241-4699-8DC9-4C48EEFABC81}.Release|Any CPU.Build.0 = Release|Any CPU
	EndGlobalSection
	GlobalSection(SolutionProperties) = preSolution
		HideSolutionNode = FALSE
	EndGlobalSection
	GlobalSection(ExtensibilityGlobals) = postSolution
		SolutionGuid = {D2470027-9196-4133-8801-82446BA8DE54}
	EndGlobalSection
EndGlobal
